
Microsoft Visual Studio Solution File, Format Version 12.00
# Visual Studio Version 17
VisualStudioVersion = 17.7.34018.315
MinimumVisualStudioVersion = 10.0.40219.1
Project("{9A19103F-16F7-4668-BE54-9A1E7A4F7556}") = "01WinFormsAbstractFactory", "WinFormsAbstractFactory\01WinFormsAbstractFactory.csproj", "{C87FF6C9-A34C-4816-98C6-D016CFD67C24}"
EndProject
Global
	GlobalSection(SolutionConfigurationPlatforms) = preSolution
		Debug|Any CPU = Debug|Any CPU
		Release|Any CPU = Release|Any CPU
	EndGlobalSection
	GlobalSection(ProjectConfigurationPlatforms) = postSolution
		{C87FF6C9-A34C-4816-98C6-D016CFD67C24}.Debug|Any CPU.ActiveCfg = Debug|Any CPU
		{C87FF6C9-A34C-4816-98C6-D016CFD67C24}.Debug|Any CPU.Build.0 = Debug|Any CPU
		{C87FF6C9-A34C-4816-98C6-D016CFD67C24}.Release|Any CPU.ActiveCfg = Release|Any CPU
		{C87FF6C9-A34C-4816-98C6-D016CFD67C24}.Release|Any CPU.Build.0 = Release|Any CPU
	EndGlobalSection
	GlobalSection(SolutionProperties) = preSolution
		HideSolutionNode = FALSE
	EndGlobalSection
	GlobalSection(ExtensibilityGlobals) = postSolution
		SolutionGuid = {7B7FFA93-7F4F-4D5B-9D68-0BDDB07564A7}
	EndGlobalSection
EndGlobal
